
Microsoft Visual Studio Solution File, Format Version 12.00
# Visual Studio 14
VisualStudioVersion = 14.0.25420.1
MinimumVisualStudioVersion = 10.0.40219.1
Project("{FAE04EC0-301F-11D3-BF4B-00C04F79EFBC}") = "Trainyourself", "Trainyourself\Trainyourself.csproj", "{9279444A-3DA0-4B52-ABC4-AD31D9374FF0}"
EndProject
Project("{FAE04EC0-301F-11D3-BF4B-00C04F79EFBC}") = "Model", "Model\Model.csproj", "{3E3CD127-DC4B-4630-804B-E59BB5F563C0}"
EndProject
Project("{FAE04EC0-301F-11D3-BF4B-00C04F79EFBC}") = "DataAccess", "DataAccess\DataAccess.csproj", "{CD44298B-DF63-4ECA-B75F-BC6FED3D8F19}"
EndProject
Project("{FAE04EC0-301F-11D3-BF4B-00C04F79EFBC}") = "KinectConnection", "KinectConnection\KinectConnection.csproj", "{DA5AD8FD-84A6-4B24-B7DB-76022592BF19}"
EndProject
Global
	GlobalSection(SolutionConfigurationPlatforms) = preSolution
		Debug|Any CPU = Debug|Any CPU
		Release|Any CPU = Release|Any CPU
	EndGlobalSection
	GlobalSection(ProjectConfigurationPlatforms) = postSolution
		{9279444A-3DA0-4B52-ABC4-AD31D9374FF0}.Debug|Any CPU.ActiveCfg = Debug|Any CPU
		{9279444A-3DA0-4B52-ABC4-AD31D9374FF0}.Debug|Any CPU.Build.0 = Debug|Any CPU
		{9279444A-3DA0-4B52-ABC4-AD31D9374FF0}.Release|Any CPU.ActiveCfg = Release|Any CPU
		{9279444A-3DA0-4B52-ABC4-AD31D9374FF0}.Release|Any CPU.Build.0 = Release|Any CPU
		{3E3CD127-DC4B-4630-804B-E59BB5F563C0}.Debug|Any CPU.ActiveCfg = Debug|Any CPU
		{3E3CD127-DC4B-4630-804B-E59BB5F563C0}.Debug|Any CPU.Build.0 = Debug|Any CPU
		{3E3CD127-DC4B-4630-804B-E59BB5F563C0}.Release|Any CPU.ActiveCfg = Release|Any CPU
		{3E3CD127-DC4B-4630-804B-E59BB5F563C0}.Release|Any CPU.Build.0 = Release|Any CPU
		{CD44298B-DF63-4ECA-B75F-BC6FED3D8F19}.Debug|Any CPU.ActiveCfg = Debug|Any CPU
		{CD44298B-DF63-4ECA-B75F-BC6FED3D8F19}.Debug|Any CPU.Build.0 = Debug|Any CPU
		{CD44298B-DF63-4ECA-B75F-BC6FED3D8F19}.Release|Any CPU.ActiveCfg = Release|Any CPU
		{CD44298B-DF63-4ECA-B75F-BC6FED3D8F19}.Release|Any CPU.Build.0 = Release|Any CPU
		{DA5AD8FD-84A6-4B24-B7DB-76022592BF19}.Debug|Any CPU.ActiveCfg = Debug|Any CPU
		{DA5AD8FD-84A6-4B24-B7DB-76022592BF19}.Debug|Any CPU.Build.0 = Debug|Any CPU
		{DA5AD8FD-84A6-4B24-B7DB-76022592BF19}.Release|Any CPU.ActiveCfg = Release|Any CPU
		{DA5AD8FD-84A6-4B24-B7DB-76022592BF19}.Release|Any CPU.Build.0 = Release|Any CPU
	EndGlobalSection
	GlobalSection(SolutionProperties) = preSolution
		HideSolutionNode = FALSE
	EndGlobalSection
EndGlobal
